
Microsoft Visual Studio Solution File, Format Version 12.00
# Visual Studio Version 17
VisualStudioVersion = 17.7.34031.279
MinimumVisualStudioVersion = 10.0.40219.1
Project("{888888A0-9F3D-457C-B088-3A5042F75D52}") = "task_04_04_04", "task_04_04_04.pyproj", "{CC01DA8A-8038-4E3F-8B1B-6566823F900B}"
EndProject
Global
	GlobalSection(SolutionConfigurationPlatforms) = preSolution
		Debug|Any CPU = Debug|Any CPU
		Release|Any CPU = Release|Any CPU
	EndGlobalSection
	GlobalSection(ProjectConfigurationPlatforms) = postSolution
		{CC01DA8A-8038-4E3F-8B1B-6566823F900B}.Debug|Any CPU.ActiveCfg = Debug|Any CPU
		{CC01DA8A-8038-4E3F-8B1B-6566823F900B}.Release|Any CPU.ActiveCfg = Release|Any CPU
	EndGlobalSection
	GlobalSection(SolutionProperties) = preSolution
		HideSolutionNode = FALSE
	EndGlobalSection
	GlobalSection(ExtensibilityGlobals) = postSolution
		SolutionGuid = {1627596D-EC09-41CC-92D5-DDD443B9E3D9}
	EndGlobalSection
EndGlobal
